
Microsoft Visual Studio Solution File, Format Version 12.00
# Visual Studio Version 16
VisualStudioVersion = 16.0.30804.86
MinimumVisualStudioVersion = 10.0.40219.1
Project("{FAE04EC0-301F-11D3-BF4B-00C04F79EFBC}") = "BasicStackOperations", "Basic Stack Operations\BasicStackOperations.csproj", "{B8AF973C-26D2-457B-9189-562640DA4B06}"
EndProject
Project("{FAE04EC0-301F-11D3-BF4B-00C04F79EFBC}") = "BasicQueueOperations", "BasicQueueOperations\BasicQueueOperations.csproj", "{32068CD8-4797-4834-B67A-92592F1B408C}"
EndProject
Project("{FAE04EC0-301F-11D3-BF4B-00C04F79EFBC}") = "MaximumAndMinimumElement", "MaximumAndMinimumElement\MaximumAndMinimumElement.csproj", "{ABC8609A-4343-4E49-94EC-25D87084C1BD}"
EndProject
Project("{FAE04EC0-301F-11D3-BF4B-00C04F79EFBC}") = "FastFood", "FastFood\FastFood.csproj", "{47283373-DE05-42EA-B363-E0D1EC7E1140}"
EndProject
Project("{FAE04EC0-301F-11D3-BF4B-00C04F79EFBC}") = "FashionBotique", "FashionBotique\FashionBotique.csproj", "{F9C2AFA1-297A-4170-8929-B76F1BAF34C6}"
EndProject
Project("{FAE04EC0-301F-11D3-BF4B-00C04F79EFBC}") = "SongsQueue", "SongsQueue\SongsQueue.csproj", "{318E1F75-EE74-4097-AE6E-F1EE66E051A8}"
EndProject
Project("{FAE04EC0-301F-11D3-BF4B-00C04F79EFBC}") = "TruckTour", "TruckTour\TruckTour.csproj", "{60BA37B8-D518-4234-8D31-B1625238C7EE}"
EndProject
Project("{FAE04EC0-301F-11D3-BF4B-00C04F79EFBC}") = "BalancedParenthesis", "BalancedParenthesis\BalancedParenthesis.csproj", "{C73E197A-AA3E-4BE5-919E-B545D338FA93}"
EndProject
Project("{FAE04EC0-301F-11D3-BF4B-00C04F79EFBC}") = "SimpleTextEditor", "SimpleTextEditor\SimpleTextEditor.csproj", "{27A17788-2808-457D-878D-437E20159776}"
EndProject
Global
	GlobalSection(SolutionConfigurationPlatforms) = preSolution
		Debug|Any CPU = Debug|Any CPU
		Release|Any CPU = Release|Any CPU
	EndGlobalSection
	GlobalSection(ProjectConfigurationPlatforms) = postSolution
		{B8AF973C-26D2-457B-9189-562640DA4B06}.Debug|Any CPU.ActiveCfg = Debug|Any CPU
		{B8AF973C-26D2-457B-9189-562640DA4B06}.Debug|Any CPU.Build.0 = Debug|Any CPU
		{B8AF973C-26D2-457B-9189-562640DA4B06}.Release|Any CPU.ActiveCfg = Release|Any CPU
		{B8AF973C-26D2-457B-9189-562640DA4B06}.Release|Any CPU.Build.0 = Release|Any CPU
		{32068CD8-4797-4834-B67A-92592F1B408C}.Debug|Any CPU.ActiveCfg = Debug|Any CPU
		{32068CD8-4797-4834-B67A-92592F1B408C}.Debug|Any CPU.Build.0 = Debug|Any CPU
		{32068CD8-4797-4834-B67A-92592F1B408C}.Release|Any CPU.ActiveCfg = Release|Any CPU
		{32068CD8-4797-4834-B67A-92592F1B408C}.Release|Any CPU.Build.0 = Release|Any CPU
		{ABC8609A-4343-4E49-94EC-25D87084C1BD}.Debug|Any CPU.ActiveCfg = Debug|Any CPU
		{ABC8609A-4343-4E49-94EC-25D87084C1BD}.Debug|Any CPU.Build.0 = Debug|Any CPU
		{ABC8609A-4343-4E49-94EC-25D87084C1BD}.Release|Any CPU.ActiveCfg = Release|Any CPU
		{ABC8609A-4343-4E49-94EC-25D87084C1BD}.Release|Any CPU.Build.0 = Release|Any CPU
		{47283373-DE05-42EA-B363-E0D1EC7E1140}.Debug|Any CPU.ActiveCfg = Debug|Any CPU
		{47283373-DE05-42EA-B363-E0D1EC7E1140}.Debug|Any CPU.Build.0 = Debug|Any CPU
		{47283373-DE05-42EA-B363-E0D1EC7E1140}.Release|Any CPU.ActiveCfg = Release|Any CPU
		{47283373-DE05-42EA-B363-E0D1EC7E1140}.Release|Any CPU.Build.0 = Release|Any CPU
		{F9C2AFA1-297A-4170-8929-B76F1BAF34C6}.Debug|Any CPU.ActiveCfg = Debug|Any CPU
		{F9C2AFA1-297A-4170-8929-B76F1BAF34C6}.Debug|Any CPU.Build.0 = Debug|Any CPU
		{F9C2AFA1-297A-4170-8929-B76F1BAF34C6}.Release|Any CPU.ActiveCfg = Release|Any CPU
		{F9C2AFA1-297A-4170-8929-B76F1BAF34C6}.Release|Any CPU.Build.0 = Release|Any CPU
		{318E1F75-EE74-4097-AE6E-F1EE66E051A8}.Debug|Any CPU.ActiveCfg = Debug|Any CPU
		{318E1F75-EE74-4097-AE6E-F1EE66E051A8}.Debug|Any CPU.Build.0 = Debug|Any CPU
		{318E1F75-EE74-4097-AE6E-F1EE66E051A8}.Release|Any CPU.ActiveCfg = Release|Any CPU
		{318E1F75-EE74-4097-AE6E-F1EE66E051A8}.Release|Any CPU.Build.0 = Release|Any CPU
		{60BA37B8-D518-4234-8D31-B1625238C7EE}.Debug|Any CPU.ActiveCfg = Debug|Any CPU
		{60BA37B8-D518-4234-8D31-B1625238C7EE}.Debug|Any CPU.Build.0 = Debug|Any CPU
		{60BA37B8-D518-4234-8D31-B1625238C7EE}.Release|Any CPU.ActiveCfg = Release|Any CPU
		{60BA37B8-D518-4234-8D31-B1625238C7EE}.Release|Any CPU.Build.0 = Release|Any CPU
		{C73E197A-AA3E-4BE5-919E-B545D338FA93}.Debug|Any CPU.ActiveCfg = Debug|Any CPU
		{C73E197A-AA3E-4BE5-919E-B545D338FA93}.Debug|Any CPU.Build.0 = Debug|Any CPU
		{C73E197A-AA3E-4BE5-919E-B545D338FA93}.Release|Any CPU.ActiveCfg = Release|Any CPU
		{C73E197A-AA3E-4BE5-919E-B545D338FA93}.Release|Any CPU.Build.0 = Release|Any CPU
		{27A17788-2808-457D-878D-437E20159776}.Debug|Any CPU.ActiveCfg = Debug|Any CPU
		{27A17788-2808-457D-878D-437E20159776}.Debug|Any CPU.Build.0 = Debug|Any CPU
		{27A17788-2808-457D-878D-437E20159776}.Release|Any CPU.ActiveCfg = Release|Any CPU
		{27A17788-2808-457D-878D-437E20159776}.Release|Any CPU.Build.0 = Release|Any CPU
	EndGlobalSection
	GlobalSection(SolutionProperties) = preSolution
		HideSolutionNode = FALSE
	EndGlobalSection
	GlobalSection(ExtensibilityGlobals) = postSolution
		SolutionGuid = {14B68C9A-AB28-4608-A0A1-9A344DE6A253}
	EndGlobalSection
EndGlobal
