
Microsoft Visual Studio Solution File, Format Version 12.00
# Visual Studio Version 16
VisualStudioVersion = 16.0.30804.86
MinimumVisualStudioVersion = 10.0.40219.1
Project("{9A19103F-16F7-4668-BE54-9A1E7A4F7556}") = "SumMatrixElements", "SumMatrixElements\SumMatrixElements.csproj", "{323EE831-A79C-4654-A575-EA90EE4832FF}"
EndProject
Project("{2150E333-8FDC-42A3-9474-1A3956D46DE8}") = "Multidimensional Arrays - Lab", "Multidimensional Arrays - Lab", "{23001B36-8F58-4C7B-8B77-C32847079F07}"
EndProject
Project("{9A19103F-16F7-4668-BE54-9A1E7A4F7556}") = "SumMatrixColumns", "SumMatrixColumns\SumMatrixColumns.csproj", "{2FC826B6-BD17-4517-9FCD-1CD2B5F4A198}"
EndProject
Project("{9A19103F-16F7-4668-BE54-9A1E7A4F7556}") = "PrimaryDiagonal", "PrimaryDiagonal\PrimaryDiagonal.csproj", "{50A0DA11-CB6E-4BBA-ADDC-97B0A9A115F1}"
EndProject
Project("{9A19103F-16F7-4668-BE54-9A1E7A4F7556}") = "SymbolInMatrix", "SymbolInMatrix\SymbolInMatrix.csproj", "{E488CBE2-DC75-48A7-B54A-1E79447A7DB1}"
EndProject
Project("{9A19103F-16F7-4668-BE54-9A1E7A4F7556}") = "SquareWithMaxSum", "SquareWithMaxSum\SquareWithMaxSum.csproj", "{EBA8B599-013D-480C-A4C7-1C8D66D12940}"
EndProject
Project("{9A19103F-16F7-4668-BE54-9A1E7A4F7556}") = "Jagged-ArrayModification", "Jagged-ArrayModification\Jagged-ArrayModification.csproj", "{275CEDD5-4A17-4A7A-AD4E-28F46913B84C}"
EndProject
Project("{9A19103F-16F7-4668-BE54-9A1E7A4F7556}") = "PascalTriangle", "PascalTriangle\PascalTriangle.csproj", "{A5792E64-52A4-4C5D-82F4-A02E188BE55A}"
EndProject
Project("{2150E333-8FDC-42A3-9474-1A3956D46DE8}") = "Multidimensional Arrays - Exercise", "Multidimensional Arrays - Exercise", "{C91DCF08-8353-4A4B-9646-AF2669FAAB36}"
EndProject
Project("{FAE04EC0-301F-11D3-BF4B-00C04F79EFBC}") = "DiagonalDifference", "DiagonalDifference\DiagonalDifference.csproj", "{6167C280-B5DC-4FE4-8C88-E846A21F02B3}"
EndProject
Project("{FAE04EC0-301F-11D3-BF4B-00C04F79EFBC}") = "SquaresInMatrix", "SquaresInMatrix\SquaresInMatrix.csproj", "{766D5E72-36C2-4980-863D-53C46169C980}"
EndProject
Project("{FAE04EC0-301F-11D3-BF4B-00C04F79EFBC}") = "MaximalSum", "MaximalSum\MaximalSum.csproj", "{A662A8BB-E5E9-4B2F-AF06-8FB3EE874F4B}"
EndProject
Project("{FAE04EC0-301F-11D3-BF4B-00C04F79EFBC}") = "MatrixShuffling", "MatrixShuffling\MatrixShuffling.csproj", "{E5169B0B-8A72-4841-BF4B-182F83906F08}"
EndProject
Project("{FAE04EC0-301F-11D3-BF4B-00C04F79EFBC}") = "SnakeMoves", "SnakeMoves\SnakeMoves.csproj", "{B7895368-622D-4CEF-ADDC-45042DDF0EFC}"
EndProject
Global
	GlobalSection(SolutionConfigurationPlatforms) = preSolution
		Debug|Any CPU = Debug|Any CPU
		Release|Any CPU = Release|Any CPU
	EndGlobalSection
	GlobalSection(ProjectConfigurationPlatforms) = postSolution
		{323EE831-A79C-4654-A575-EA90EE4832FF}.Debug|Any CPU.ActiveCfg = Debug|Any CPU
		{323EE831-A79C-4654-A575-EA90EE4832FF}.Debug|Any CPU.Build.0 = Debug|Any CPU
		{323EE831-A79C-4654-A575-EA90EE4832FF}.Release|Any CPU.ActiveCfg = Release|Any CPU
		{323EE831-A79C-4654-A575-EA90EE4832FF}.Release|Any CPU.Build.0 = Release|Any CPU
		{2FC826B6-BD17-4517-9FCD-1CD2B5F4A198}.Debug|Any CPU.ActiveCfg = Debug|Any CPU
		{2FC826B6-BD17-4517-9FCD-1CD2B5F4A198}.Debug|Any CPU.Build.0 = Debug|Any CPU
		{2FC826B6-BD17-4517-9FCD-1CD2B5F4A198}.Release|Any CPU.ActiveCfg = Release|Any CPU
		{2FC826B6-BD17-4517-9FCD-1CD2B5F4A198}.Release|Any CPU.Build.0 = Release|Any CPU
		{50A0DA11-CB6E-4BBA-ADDC-97B0A9A115F1}.Debug|Any CPU.ActiveCfg = Debug|Any CPU
		{50A0DA11-CB6E-4BBA-ADDC-97B0A9A115F1}.Debug|Any CPU.Build.0 = Debug|Any CPU
		{50A0DA11-CB6E-4BBA-ADDC-97B0A9A115F1}.Release|Any CPU.ActiveCfg = Release|Any CPU
		{50A0DA11-CB6E-4BBA-ADDC-97B0A9A115F1}.Release|Any CPU.Build.0 = Release|Any CPU
		{E488CBE2-DC75-48A7-B54A-1E79447A7DB1}.Debug|Any CPU.ActiveCfg = Debug|Any CPU
		{E488CBE2-DC75-48A7-B54A-1E79447A7DB1}.Debug|Any CPU.Build.0 = Debug|Any CPU
		{E488CBE2-DC75-48A7-B54A-1E79447A7DB1}.Release|Any CPU.ActiveCfg = Release|Any CPU
		{E488CBE2-DC75-48A7-B54A-1E79447A7DB1}.Release|Any CPU.Build.0 = Release|Any CPU
		{EBA8B599-013D-480C-A4C7-1C8D66D12940}.Debug|Any CPU.ActiveCfg = Debug|Any CPU
		{EBA8B599-013D-480C-A4C7-1C8D66D12940}.Debug|Any CPU.Build.0 = Debug|Any CPU
		{EBA8B599-013D-480C-A4C7-1C8D66D12940}.Release|Any CPU.ActiveCfg = Release|Any CPU
		{EBA8B599-013D-480C-A4C7-1C8D66D12940}.Release|Any CPU.Build.0 = Release|Any CPU
		{275CEDD5-4A17-4A7A-AD4E-28F46913B84C}.Debug|Any CPU.ActiveCfg = Debug|Any CPU
		{275CEDD5-4A17-4A7A-AD4E-28F46913B84C}.Debug|Any CPU.Build.0 = Debug|Any CPU
		{275CEDD5-4A17-4A7A-AD4E-28F46913B84C}.Release|Any CPU.ActiveCfg = Release|Any CPU
		{275CEDD5-4A17-4A7A-AD4E-28F46913B84C}.Release|Any CPU.Build.0 = Release|Any CPU
		{A5792E64-52A4-4C5D-82F4-A02E188BE55A}.Debug|Any CPU.ActiveCfg = Debug|Any CPU
		{A5792E64-52A4-4C5D-82F4-A02E188BE55A}.Debug|Any CPU.Build.0 = Debug|Any CPU
		{A5792E64-52A4-4C5D-82F4-A02E188BE55A}.Release|Any CPU.ActiveCfg = Release|Any CPU
		{A5792E64-52A4-4C5D-82F4-A02E188BE55A}.Release|Any CPU.Build.0 = Release|Any CPU
		{6167C280-B5DC-4FE4-8C88-E846A21F02B3}.Debug|Any CPU.ActiveCfg = Debug|Any CPU
		{6167C280-B5DC-4FE4-8C88-E846A21F02B3}.Debug|Any CPU.Build.0 = Debug|Any CPU
		{6167C280-B5DC-4FE4-8C88-E846A21F02B3}.Release|Any CPU.ActiveCfg = Release|Any CPU
		{6167C280-B5DC-4FE4-8C88-E846A21F02B3}.Release|Any CPU.Build.0 = Release|Any CPU
		{766D5E72-36C2-4980-863D-53C46169C980}.Debug|Any CPU.ActiveCfg = Debug|Any CPU
		{766D5E72-36C2-4980-863D-53C46169C980}.Debug|Any CPU.Build.0 = Debug|Any CPU
		{766D5E72-36C2-4980-863D-53C46169C980}.Release|Any CPU.ActiveCfg = Release|Any CPU
		{766D5E72-36C2-4980-863D-53C46169C980}.Release|Any CPU.Build.0 = Release|Any CPU
		{A662A8BB-E5E9-4B2F-AF06-8FB3EE874F4B}.Debug|Any CPU.ActiveCfg = Debug|Any CPU
		{A662A8BB-E5E9-4B2F-AF06-8FB3EE874F4B}.Debug|Any CPU.Build.0 = Debug|Any CPU
		{A662A8BB-E5E9-4B2F-AF06-8FB3EE874F4B}.Release|Any CPU.ActiveCfg = Release|Any CPU
		{A662A8BB-E5E9-4B2F-AF06-8FB3EE874F4B}.Release|Any CPU.Build.0 = Release|Any CPU
		{E5169B0B-8A72-4841-BF4B-182F83906F08}.Debug|Any CPU.ActiveCfg = Debug|Any CPU
		{E5169B0B-8A72-4841-BF4B-182F83906F08}.Debug|Any CPU.Build.0 = Debug|Any CPU
		{E5169B0B-8A72-4841-BF4B-182F83906F08}.Release|Any CPU.ActiveCfg = Release|Any CPU
		{E5169B0B-8A72-4841-BF4B-182F83906F08}.Release|Any CPU.Build.0 = Release|Any CPU
		{B7895368-622D-4CEF-ADDC-45042DDF0EFC}.Debug|Any CPU.ActiveCfg = Debug|Any CPU
		{B7895368-622D-4CEF-ADDC-45042DDF0EFC}.Debug|Any CPU.Build.0 = Debug|Any CPU
		{B7895368-622D-4CEF-ADDC-45042DDF0EFC}.Release|Any CPU.ActiveCfg = Release|Any CPU
		{B7895368-622D-4CEF-ADDC-45042DDF0EFC}.Release|Any CPU.Build.0 = Release|Any CPU
	EndGlobalSection
	GlobalSection(SolutionProperties) = preSolution
		HideSolutionNode = FALSE
	EndGlobalSection
	GlobalSection(NestedProjects) = preSolution
		{323EE831-A79C-4654-A575-EA90EE4832FF} = {23001B36-8F58-4C7B-8B77-C32847079F07}
		{2FC826B6-BD17-4517-9FCD-1CD2B5F4A198} = {23001B36-8F58-4C7B-8B77-C32847079F07}
		{50A0DA11-CB6E-4BBA-ADDC-97B0A9A115F1} = {23001B36-8F58-4C7B-8B77-C32847079F07}
		{E488CBE2-DC75-48A7-B54A-1E79447A7DB1} = {23001B36-8F58-4C7B-8B77-C32847079F07}
		{EBA8B599-013D-480C-A4C7-1C8D66D12940} = {23001B36-8F58-4C7B-8B77-C32847079F07}
		{275CEDD5-4A17-4A7A-AD4E-28F46913B84C} = {23001B36-8F58-4C7B-8B77-C32847079F07}
		{A5792E64-52A4-4C5D-82F4-A02E188BE55A} = {23001B36-8F58-4C7B-8B77-C32847079F07}
		{6167C280-B5DC-4FE4-8C88-E846A21F02B3} = {C91DCF08-8353-4A4B-9646-AF2669FAAB36}
		{766D5E72-36C2-4980-863D-53C46169C980} = {C91DCF08-8353-4A4B-9646-AF2669FAAB36}
		{A662A8BB-E5E9-4B2F-AF06-8FB3EE874F4B} = {C91DCF08-8353-4A4B-9646-AF2669FAAB36}
		{E5169B0B-8A72-4841-BF4B-182F83906F08} = {C91DCF08-8353-4A4B-9646-AF2669FAAB36}
		{B7895368-622D-4CEF-ADDC-45042DDF0EFC} = {C91DCF08-8353-4A4B-9646-AF2669FAAB36}
	EndGlobalSection
	GlobalSection(ExtensibilityGlobals) = postSolution
		SolutionGuid = {BFD6684C-599F-4E9A-843D-E1D4094C2940}
	EndGlobalSection
EndGlobal
