
Microsoft Visual Studio Solution File, Format Version 12.00
# Visual Studio Version 16
VisualStudioVersion = 16.0.30804.86
MinimumVisualStudioVersion = 10.0.40219.1
Project("{9A19103F-16F7-4668-BE54-9A1E7A4F7556}") = "GenericBoxOfString", "ConsoleApp1\GenericBoxOfString.csproj", "{B4A70A12-98FF-4892-83C4-A5D9B3403C4B}"
EndProject
Project("{2150E333-8FDC-42A3-9474-1A3956D46DE8}") = "Generics - Exercise", "Generics - Exercise", "{3C86284E-83A9-460B-AE38-6C3B4C13FF5F}"
EndProject
Project("{FAE04EC0-301F-11D3-BF4B-00C04F79EFBC}") = "Tuple", "Tuple\Tuple.csproj", "{4C4E1B03-537B-403C-BB8A-499027417290}"
EndProject
Global
	GlobalSection(SolutionConfigurationPlatforms) = preSolution
		Debug|Any CPU = Debug|Any CPU
		Release|Any CPU = Release|Any CPU
	EndGlobalSection
	GlobalSection(ProjectConfigurationPlatforms) = postSolution
		{B4A70A12-98FF-4892-83C4-A5D9B3403C4B}.Debug|Any CPU.ActiveCfg = Debug|Any CPU
		{B4A70A12-98FF-4892-83C4-A5D9B3403C4B}.Debug|Any CPU.Build.0 = Debug|Any CPU
		{B4A70A12-98FF-4892-83C4-A5D9B3403C4B}.Release|Any CPU.ActiveCfg = Release|Any CPU
		{B4A70A12-98FF-4892-83C4-A5D9B3403C4B}.Release|Any CPU.Build.0 = Release|Any CPU
		{4C4E1B03-537B-403C-BB8A-499027417290}.Debug|Any CPU.ActiveCfg = Debug|Any CPU
		{4C4E1B03-537B-403C-BB8A-499027417290}.Debug|Any CPU.Build.0 = Debug|Any CPU
		{4C4E1B03-537B-403C-BB8A-499027417290}.Release|Any CPU.ActiveCfg = Release|Any CPU
		{4C4E1B03-537B-403C-BB8A-499027417290}.Release|Any CPU.Build.0 = Release|Any CPU
	EndGlobalSection
	GlobalSection(SolutionProperties) = preSolution
		HideSolutionNode = FALSE
	EndGlobalSection
	GlobalSection(NestedProjects) = preSolution
		{B4A70A12-98FF-4892-83C4-A5D9B3403C4B} = {3C86284E-83A9-460B-AE38-6C3B4C13FF5F}
		{4C4E1B03-537B-403C-BB8A-499027417290} = {3C86284E-83A9-460B-AE38-6C3B4C13FF5F}
	EndGlobalSection
	GlobalSection(ExtensibilityGlobals) = postSolution
		SolutionGuid = {72ACA4D4-B735-4179-A9C1-C5CF9C0902B8}
	EndGlobalSection
EndGlobal
