
Microsoft Visual Studio Solution File, Format Version 12.00
# Visual Studio Version 16
VisualStudioVersion = 16.0.30804.86
MinimumVisualStudioVersion = 10.0.40219.1
Project("{FAE04EC0-301F-11D3-BF4B-00C04F79EFBC}") = "Masterchef", "Masterchef\Masterchef.csproj", "{B6A249C2-1EF1-418F-9EC6-6BF040D9AE20}"
EndProject
Project("{FAE04EC0-301F-11D3-BF4B-00C04F79EFBC}") = "Survivor", "Survivor\Survivor.csproj", "{8745BCE7-9118-47B6-9EB5-255DFA56B8FB}"
EndProject
Project("{FAE04EC0-301F-11D3-BF4B-00C04F79EFBC}") = "SkiRental", "SkiRental\SkiRental.csproj", "{FF1C8DD2-1FFA-4316-8497-74581190DE65}"
EndProject
Global
	GlobalSection(SolutionConfigurationPlatforms) = preSolution
		Debug|Any CPU = Debug|Any CPU
		Release|Any CPU = Release|Any CPU
	EndGlobalSection
	GlobalSection(ProjectConfigurationPlatforms) = postSolution
		{B6A249C2-1EF1-418F-9EC6-6BF040D9AE20}.Debug|Any CPU.ActiveCfg = Debug|Any CPU
		{B6A249C2-1EF1-418F-9EC6-6BF040D9AE20}.Debug|Any CPU.Build.0 = Debug|Any CPU
		{B6A249C2-1EF1-418F-9EC6-6BF040D9AE20}.Release|Any CPU.ActiveCfg = Release|Any CPU
		{B6A249C2-1EF1-418F-9EC6-6BF040D9AE20}.Release|Any CPU.Build.0 = Release|Any CPU
		{8745BCE7-9118-47B6-9EB5-255DFA56B8FB}.Debug|Any CPU.ActiveCfg = Debug|Any CPU
		{8745BCE7-9118-47B6-9EB5-255DFA56B8FB}.Debug|Any CPU.Build.0 = Debug|Any CPU
		{8745BCE7-9118-47B6-9EB5-255DFA56B8FB}.Release|Any CPU.ActiveCfg = Release|Any CPU
		{8745BCE7-9118-47B6-9EB5-255DFA56B8FB}.Release|Any CPU.Build.0 = Release|Any CPU
		{FF1C8DD2-1FFA-4316-8497-74581190DE65}.Debug|Any CPU.ActiveCfg = Debug|Any CPU
		{FF1C8DD2-1FFA-4316-8497-74581190DE65}.Debug|Any CPU.Build.0 = Debug|Any CPU
		{FF1C8DD2-1FFA-4316-8497-74581190DE65}.Release|Any CPU.ActiveCfg = Release|Any CPU
		{FF1C8DD2-1FFA-4316-8497-74581190DE65}.Release|Any CPU.Build.0 = Release|Any CPU
	EndGlobalSection
	GlobalSection(SolutionProperties) = preSolution
		HideSolutionNode = FALSE
	EndGlobalSection
	GlobalSection(ExtensibilityGlobals) = postSolution
		SolutionGuid = {5113C868-0BC1-4F2B-BC5A-62B5C36ABE1D}
	EndGlobalSection
EndGlobal
